{
  "object": {
    "pins": [
      {
        "package": "DarkMode",
        "repositoryURL": "https://github.com/passguardapp/DarkMode.git",
        "state": {
          "branch": "master",
          "revision": "6b70f2af46658ddb5d03c1d0cc2662ddbb1d0119",
          "version": null
        }
      },
      {
        "package": "Spatial",
        "repositoryURL": "https://github.com/eonist/Spatial.git",
        "state": {
          "branch": "master",
          "revision": "550a6068c73b36ad4acff74e7cbb8ae0674a553b",
          "version": null
        }
      },
      {
        "package": "With",
        "repositoryURL": "https://github.com/eonist/With.git",
        "state": {
          "branch": "master",
          "revision": "db0935ecba9577470664105c25cf2c29481ec0fb",
          "version": null
        }
      }
    ]
  },
  "version": 1
}
